// !$*UTF8*$!
{
	archiveVersion = 1;
	classes = {
	};
	objectVersion = 56;
	objects = {

/* Begin PBXBuildFile section */
		54CB1AFCB03DF2ECE61FF083 /* Pods_BincangBareng.framework in Frameworks */ = {isa = PBXBuildFile; fileRef = 030BD62DB6E4AD348BFB86A8 /* Pods_BincangBareng.framework */; };
		A004CB9B2AD2803C0008EE42 /* OnboardingSlide.swift in Sources */ = {isa = PBXBuildFile; fileRef = A004CB9A2AD2803C0008EE42 /* OnboardingSlide.swift */; };
		A004CB9D2AD283A20008EE42 /* OnboardingCollectionViewCell.swift in Sources */ = {isa = PBXBuildFile; fileRef = A004CB9C2AD283A20008EE42 /* OnboardingCollectionViewCell.swift */; };
		A0094D8B2ACED315006F4C7C /* FamilyItemViewController.swift in Sources */ = {isa = PBXBuildFile; fileRef = A0094D8A2ACED315006F4C7C /* FamilyItemViewController.swift */; };
		A0094D8D2ACED342006F4C7C /* FriendsItemViewController.swift in Sources */ = {isa = PBXBuildFile; fileRef = A0094D8C2ACED342006F4C7C /* FriendsItemViewController.swift */; };
		A0094D972ACF2BE8006F4C7C /* OnboardingViewController.swift in Sources */ = {isa = PBXBuildFile; fileRef = A0094D962ACF2BE8006F4C7C /* OnboardingViewController.swift */; };
		A01A7C162AD459AE001E1A54 /* ItemPartner.swift in Sources */ = {isa = PBXBuildFile; fileRef = A01A7C152AD459AE001E1A54 /* ItemPartner.swift */; };
		A01A7C182AD45ACC001E1A54 /* SubcategoryPartner.swift in Sources */ = {isa = PBXBuildFile; fileRef = A01A7C172AD45ACC001E1A54 /* SubcategoryPartner.swift */; };
		A01A7C1F2AD4693C001E1A54 /* QuestionLoader.swift in Sources */ = {isa = PBXBuildFile; fileRef = A01A7C1E2AD4693C001E1A54 /* QuestionLoader.swift */; };
		A01A7C212AD46A87001E1A54 /* lovePartner.json in Resources */ = {isa = PBXBuildFile; fileRef = A01A7C202AD46A87001E1A54 /* lovePartner.json */; };
		A01A7C272AD46E6F001E1A54 /* workPartner.json in Resources */ = {isa = PBXBuildFile; fileRef = A01A7C262AD46E6F001E1A54 /* workPartner.json */; };
		A01A7C292AD47886001E1A54 /* travelPartner.json in Resources */ = {isa = PBXBuildFile; fileRef = A01A7C282AD47886001E1A54 /* travelPartner.json */; };
		A01A7C2B2AD478AD001E1A54 /* hobbiesPartner.json in Resources */ = {isa = PBXBuildFile; fileRef = A01A7C2A2AD478AD001E1A54 /* hobbiesPartner.json */; };
		A01A7C2D2AD478CF001E1A54 /* goalsPartner.json in Resources */ = {isa = PBXBuildFile; fileRef = A01A7C2C2AD478CF001E1A54 /* goalsPartner.json */; };
		A01A7C2F2AD478EA001E1A54 /* memoriesPartner.json in Resources */ = {isa = PBXBuildFile; fileRef = A01A7C2E2AD478EA001E1A54 /* memoriesPartner.json */; };
		A01A7C312AD4790D001E1A54 /* entertainmentPartner.json in Resources */ = {isa = PBXBuildFile; fileRef = A01A7C302AD4790D001E1A54 /* entertainmentPartner.json */; };
		A01A7C332AD4792F001E1A54 /* foodPartner.json in Resources */ = {isa = PBXBuildFile; fileRef = A01A7C322AD4792F001E1A54 /* foodPartner.json */; };
		A01A7C362AD4796E001E1A54 /* wellnessPartner.json in Resources */ = {isa = PBXBuildFile; fileRef = A01A7C342AD4796E001E1A54 /* wellnessPartner.json */; };
		A01A7C372AD4796E001E1A54 /* eventsPartner.json in Resources */ = {isa = PBXBuildFile; fileRef = A01A7C352AD4796E001E1A54 /* eventsPartner.json */; };
		A01A7C392AD47987001E1A54 /* futurePartner.json in Resources */ = {isa = PBXBuildFile; fileRef = A01A7C382AD47987001E1A54 /* futurePartner.json */; };
		A01EF86E2AD54A2E00F470CC /* PersonType.swift in Sources */ = {isa = PBXBuildFile; fileRef = A01EF86D2AD54A2E00F470CC /* PersonType.swift */; };
		A01EF8722AD55A6300F470CC /* ItemFamily.swift in Sources */ = {isa = PBXBuildFile; fileRef = A01EF8712AD55A6300F470CC /* ItemFamily.swift */; };
		A01EF8742AD55A7E00F470CC /* SubcategoryFamily.swift in Sources */ = {isa = PBXBuildFile; fileRef = A01EF8732AD55A7E00F470CC /* SubcategoryFamily.swift */; };
		A01EF8762AD55A9D00F470CC /* ItemFriends.swift in Sources */ = {isa = PBXBuildFile; fileRef = A01EF8752AD55A9D00F470CC /* ItemFriends.swift */; };
		A01EF87A2AD55AB600F470CC /* SubcategoryFriends.swift in Sources */ = {isa = PBXBuildFile; fileRef = A01EF8792AD55AB600F470CC /* SubcategoryFriends.swift */; };
		A01EF87C2AD55BE900F470CC /* FriendsSubcategoryTableViewController.swift in Sources */ = {isa = PBXBuildFile; fileRef = A01EF87B2AD55BE900F470CC /* FriendsSubcategoryTableViewController.swift */; };
		A01EF8852AD5632100F470CC /* childhoodFamily.json in Resources */ = {isa = PBXBuildFile; fileRef = A01EF87E2AD5632100F470CC /* childhoodFamily.json */; };
		A01EF8862AD5632100F470CC /* experienceFamily.json in Resources */ = {isa = PBXBuildFile; fileRef = A01EF87F2AD5632100F470CC /* experienceFamily.json */; };
		A01EF8872AD5632100F470CC /* hobbiesFamily.json in Resources */ = {isa = PBXBuildFile; fileRef = A01EF8802AD5632100F470CC /* hobbiesFamily.json */; };
		A01EF8882AD5632100F470CC /* dreamsFamily.json in Resources */ = {isa = PBXBuildFile; fileRef = A01EF8812AD5632100F470CC /* dreamsFamily.json */; };
		A01EF8892AD5632100F470CC /* travelFamily.json in Resources */ = {isa = PBXBuildFile; fileRef = A01EF8822AD5632100F470CC /* travelFamily.json */; };
		A01EF88A2AD5632100F470CC /* traditionsFamily.json in Resources */ = {isa = PBXBuildFile; fileRef = A01EF8832AD5632100F470CC /* traditionsFamily.json */; };
		A01EF88B2AD5632100F470CC /* growthFamily.json in Resources */ = {isa = PBXBuildFile; fileRef = A01EF8842AD5632100F470CC /* growthFamily.json */; };
		A01EF8962AD564CC00F470CC /* goalsFriends.json in Resources */ = {isa = PBXBuildFile; fileRef = A01EF88C2AD564CB00F470CC /* goalsFriends.json */; };
		A01EF8972AD564CC00F470CC /* hobbiesFriends.json in Resources */ = {isa = PBXBuildFile; fileRef = A01EF88D2AD564CB00F470CC /* hobbiesFriends.json */; };
		A01EF8982AD564CC00F470CC /* booksFriends.json in Resources */ = {isa = PBXBuildFile; fileRef = A01EF88E2AD564CB00F470CC /* booksFriends.json */; };
		A01EF8992AD564CC00F470CC /* growthFriends.json in Resources */ = {isa = PBXBuildFile; fileRef = A01EF88F2AD564CB00F470CC /* growthFriends.json */; };
		A01EF89A2AD564CC00F470CC /* foodFriends.json in Resources */ = {isa = PBXBuildFile; fileRef = A01EF8902AD564CB00F470CC /* foodFriends.json */; };
		A01EF89B2AD564CC00F470CC /* musicFriends.json in Resources */ = {isa = PBXBuildFile; fileRef = A01EF8912AD564CB00F470CC /* musicFriends.json */; };
		A01EF89C2AD564CC00F470CC /* travelFriends.json in Resources */ = {isa = PBXBuildFile; fileRef = A01EF8922AD564CB00F470CC /* travelFriends.json */; };
		A01EF89D2AD564CC00F470CC /* moviesFriends.json in Resources */ = {isa = PBXBuildFile; fileRef = A01EF8932AD564CB00F470CC /* moviesFriends.json */; };
		A01EF89E2AD564CC00F470CC /* eventsFriends.json in Resources */ = {isa = PBXBuildFile; fileRef = A01EF8942AD564CB00F470CC /* eventsFriends.json */; };
		A01EF89F2AD564CC00F470CC /* funnyStoriesFriends.json in Resources */ = {isa = PBXBuildFile; fileRef = A01EF8952AD564CB00F470CC /* funnyStoriesFriends.json */; };
		A056E63A2AD0268100BE8C63 /* CategoryViewController.swift in Sources */ = {isa = PBXBuildFile; fileRef = A056E6392AD0268100BE8C63 /* CategoryViewController.swift */; };
		A056E63C2AD0295600BE8C63 /* CategoryCollectionViewCell.swift in Sources */ = {isa = PBXBuildFile; fileRef = A056E63B2AD0295600BE8C63 /* CategoryCollectionViewCell.swift */; };
		A056E63E2AD02D8600BE8C63 /* Constant.swift in Sources */ = {isa = PBXBuildFile; fileRef = A056E63D2AD02D8600BE8C63 /* Constant.swift */; };
		A058E1C22AD1E664002809B1 /* Extension.swift in Sources */ = {isa = PBXBuildFile; fileRef = A058E1C12AD1E664002809B1 /* Extension.swift */; };
		A06502B62AD50B5A00667407 /* FamilySubcategoryTableViewController.swift in Sources */ = {isa = PBXBuildFile; fileRef = A06502B52AD50B5A00667407 /* FamilySubcategoryTableViewController.swift */; };
		A08BC1912ACEC7BF001DD1C8 /* AppDelegate.swift in Sources */ = {isa = PBXBuildFile; fileRef = A08BC1902ACEC7BF001DD1C8 /* AppDelegate.swift */; };
		A08BC1932ACEC7BF001DD1C8 /* SceneDelegate.swift in Sources */ = {isa = PBXBuildFile; fileRef = A08BC1922ACEC7BF001DD1C8 /* SceneDelegate.swift */; };
		A08BC1952ACEC7BF001DD1C8 /* PartnerItemViewController.swift in Sources */ = {isa = PBXBuildFile; fileRef = A08BC1942ACEC7BF001DD1C8 /* PartnerItemViewController.swift */; };
		A08BC1982ACEC7BF001DD1C8 /* Main.storyboard in Resources */ = {isa = PBXBuildFile; fileRef = A08BC1962ACEC7BF001DD1C8 /* Main.storyboard */; };
		A08BC19A2ACEC7C0001DD1C8 /* Assets.xcassets in Resources */ = {isa = PBXBuildFile; fileRef = A08BC1992ACEC7C0001DD1C8 /* Assets.xcassets */; };
		A08BC19D2ACEC7C0001DD1C8 /* LaunchScreen.storyboard in Resources */ = {isa = PBXBuildFile; fileRef = A08BC19B2ACEC7C0001DD1C8 /* LaunchScreen.storyboard */; };
		A0A0FE772AD3D543007B4400 /* PartnerSubcategoryTableViewController.swift in Sources */ = {isa = PBXBuildFile; fileRef = A0A0FE762AD3D543007B4400 /* PartnerSubcategoryTableViewController.swift */; };
/* End PBXBuildFile section */

/* Begin PBXFileReference section */
		030BD62DB6E4AD348BFB86A8 /* Pods_BincangBareng.framework */ = {isa = PBXFileReference; explicitFileType = wrapper.framework; includeInIndex = 0; path = Pods_BincangBareng.framework; sourceTree = BUILT_PRODUCTS_DIR; };
		21D06520971D1D470EAD410C /* Pods-BincangBareng.release.xcconfig */ = {isa = PBXFileReference; includeInIndex = 1; lastKnownFileType = text.xcconfig; name = "Pods-BincangBareng.release.xcconfig"; path = "Target Support Files/Pods-BincangBareng/Pods-BincangBareng.release.xcconfig"; sourceTree = "<group>"; };
		5702CACD377215307A9BD067 /* Pods-BincangBareng.debug.xcconfig */ = {isa = PBXFileReference; includeInIndex = 1; lastKnownFileType = text.xcconfig; name = "Pods-BincangBareng.debug.xcconfig"; path = "Target Support Files/Pods-BincangBareng/Pods-BincangBareng.debug.xcconfig"; sourceTree = "<group>"; };
		A004CB9A2AD2803C0008EE42 /* OnboardingSlide.swift */ = {isa = PBXFileReference; lastKnownFileType = sourcecode.swift; path = OnboardingSlide.swift; sourceTree = "<group>"; };
		A004CB9C2AD283A20008EE42 /* OnboardingCollectionViewCell.swift */ = {isa = PBXFileReference; lastKnownFileType = sourcecode.swift; path = OnboardingCollectionViewCell.swift; sourceTree = "<group>"; };
		A0094D8A2ACED315006F4C7C /* FamilyItemViewController.swift */ = {isa = PBXFileReference; lastKnownFileType = sourcecode.swift; path = FamilyItemViewController.swift; sourceTree = "<group>"; };
		A0094D8C2ACED342006F4C7C /* FriendsItemViewController.swift */ = {isa = PBXFileReference; lastKnownFileType = sourcecode.swift; path = FriendsItemViewController.swift; sourceTree = "<group>"; };
		A0094D962ACF2BE8006F4C7C /* OnboardingViewController.swift */ = {isa = PBXFileReference; lastKnownFileType = sourcecode.swift; path = OnboardingViewController.swift; sourceTree = "<group>"; };
		A01A7C152AD459AE001E1A54 /* ItemPartner.swift */ = {isa = PBXFileReference; lastKnownFileType = sourcecode.swift; path = ItemPartner.swift; sourceTree = "<group>"; };
		A01A7C172AD45ACC001E1A54 /* SubcategoryPartner.swift */ = {isa = PBXFileReference; lastKnownFileType = sourcecode.swift; path = SubcategoryPartner.swift; sourceTree = "<group>"; };
		A01A7C1E2AD4693C001E1A54 /* QuestionLoader.swift */ = {isa = PBXFileReference; lastKnownFileType = sourcecode.swift; path = QuestionLoader.swift; sourceTree = "<group>"; };
		A01A7C202AD46A87001E1A54 /* lovePartner.json */ = {isa = PBXFileReference; fileEncoding = 4; lastKnownFileType = text.json; path = lovePartner.json; sourceTree = "<group>"; };
		A01A7C262AD46E6F001E1A54 /* workPartner.json */ = {isa = PBXFileReference; fileEncoding = 4; lastKnownFileType = text.json; path = workPartner.json; sourceTree = "<group>"; };
		A01A7C282AD47886001E1A54 /* travelPartner.json */ = {isa = PBXFileReference; fileEncoding = 4; lastKnownFileType = text.json; path = travelPartner.json; sourceTree = "<group>"; };
		A01A7C2A2AD478AD001E1A54 /* hobbiesPartner.json */ = {isa = PBXFileReference; fileEncoding = 4; lastKnownFileType = text.json; path = hobbiesPartner.json; sourceTree = "<group>"; };
		A01A7C2C2AD478CF001E1A54 /* goalsPartner.json */ = {isa = PBXFileReference; fileEncoding = 4; lastKnownFileType = text.json; path = goalsPartner.json; sourceTree = "<group>"; };
		A01A7C2E2AD478EA001E1A54 /* memoriesPartner.json */ = {isa = PBXFileReference; fileEncoding = 4; lastKnownFileType = text.json; path = memoriesPartner.json; sourceTree = "<group>"; };
		A01A7C302AD4790D001E1A54 /* entertainmentPartner.json */ = {isa = PBXFileReference; fileEncoding = 4; lastKnownFileType = text.json; path = entertainmentPartner.json; sourceTree = "<group>"; };
		A01A7C322AD4792F001E1A54 /* foodPartner.json */ = {isa = PBXFileReference; fileEncoding = 4; lastKnownFileType = text.json; path = foodPartner.json; sourceTree = "<group>"; };
		A01A7C342AD4796E001E1A54 /* wellnessPartner.json */ = {isa = PBXFileReference; fileEncoding = 4; lastKnownFileType = text.json; path = wellnessPartner.json; sourceTree = "<group>"; };
		A01A7C352AD4796E001E1A54 /* eventsPartner.json */ = {isa = PBXFileReference; fileEncoding = 4; lastKnownFileType = text.json; path = eventsPartner.json; sourceTree = "<group>"; };
		A01A7C382AD47987001E1A54 /* futurePartner.json */ = {isa = PBXFileReference; fileEncoding = 4; lastKnownFileType = text.json; path = futurePartner.json; sourceTree = "<group>"; };
		A01EF86D2AD54A2E00F470CC /* PersonType.swift */ = {isa = PBXFileReference; lastKnownFileType = sourcecode.swift; path = PersonType.swift; sourceTree = "<group>"; };
		A01EF8712AD55A6300F470CC /* ItemFamily.swift */ = {isa = PBXFileReference; lastKnownFileType = sourcecode.swift; path = ItemFamily.swift; sourceTree = "<group>"; };
		A01EF8732AD55A7E00F470CC /* SubcategoryFamily.swift */ = {isa = PBXFileReference; lastKnownFileType = sourcecode.swift; path = SubcategoryFamily.swift; sourceTree = "<group>"; };
		A01EF8752AD55A9D00F470CC /* ItemFriends.swift */ = {isa = PBXFileReference; lastKnownFileType = sourcecode.swift; path = ItemFriends.swift; sourceTree = "<group>"; };
		A01EF8792AD55AB600F470CC /* SubcategoryFriends.swift */ = {isa = PBXFileReference; lastKnownFileType = sourcecode.swift; path = SubcategoryFriends.swift; sourceTree = "<group>"; };
		A01EF87B2AD55BE900F470CC /* FriendsSubcategoryTableViewController.swift */ = {isa = PBXFileReference; lastKnownFileType = sourcecode.swift; path = FriendsSubcategoryTableViewController.swift; sourceTree = "<group>"; };
		A01EF87E2AD5632100F470CC /* childhoodFamily.json */ = {isa = PBXFileReference; fileEncoding = 4; lastKnownFileType = text.json; path = childhoodFamily.json; sourceTree = "<group>"; };
		A01EF87F2AD5632100F470CC /* experienceFamily.json */ = {isa = PBXFileReference; fileEncoding = 4; lastKnownFileType = text.json; path = experienceFamily.json; sourceTree = "<group>"; };
		A01EF8802AD5632100F470CC /* hobbiesFamily.json */ = {isa = PBXFileReference; fileEncoding = 4; lastKnownFileType = text.json; path = hobbiesFamily.json; sourceTree = "<group>"; };
		A01EF8812AD5632100F470CC /* dreamsFamily.json */ = {isa = PBXFileReference; fileEncoding = 4; lastKnownFileType = text.json; path = dreamsFamily.json; sourceTree = "<group>"; };
		A01EF8822AD5632100F470CC /* travelFamily.json */ = {isa = PBXFileReference; fileEncoding = 4; lastKnownFileType = text.json; path = travelFamily.json; sourceTree = "<group>"; };
		A01EF8832AD5632100F470CC /* traditionsFamily.json */ = {isa = PBXFileReference; fileEncoding = 4; lastKnownFileType = text.json; path = traditionsFamily.json; sourceTree = "<group>"; };
		A01EF8842AD5632100F470CC /* growthFamily.json */ = {isa = PBXFileReference; fileEncoding = 4; lastKnownFileType = text.json; path = growthFamily.json; sourceTree = "<group>"; };
		A01EF88C2AD564CB00F470CC /* goalsFriends.json */ = {isa = PBXFileReference; fileEncoding = 4; lastKnownFileType = text.json; path = goalsFriends.json; sourceTree = "<group>"; };
		A01EF88D2AD564CB00F470CC /* hobbiesFriends.json */ = {isa = PBXFileReference; fileEncoding = 4; lastKnownFileType = text.json; path = hobbiesFriends.json; sourceTree = "<group>"; };
		A01EF88E2AD564CB00F470CC /* booksFriends.json */ = {isa = PBXFileReference; fileEncoding = 4; lastKnownFileType = text.json; path = booksFriends.json; sourceTree = "<group>"; };
		A01EF88F2AD564CB00F470CC /* growthFriends.json */ = {isa = PBXFileReference; fileEncoding = 4; lastKnownFileType = text.json; path = growthFriends.json; sourceTree = "<group>"; };
		A01EF8902AD564CB00F470CC /* foodFriends.json */ = {isa = PBXFileReference; fileEncoding = 4; lastKnownFileType = text.json; path = foodFriends.json; sourceTree = "<group>"; };
		A01EF8912AD564CB00F470CC /* musicFriends.json */ = {isa = PBXFileReference; fileEncoding = 4; lastKnownFileType = text.json; path = musicFriends.json; sourceTree = "<group>"; };
		A01EF8922AD564CB00F470CC /* travelFriends.json */ = {isa = PBXFileReference; fileEncoding = 4; lastKnownFileType = text.json; path = travelFriends.json; sourceTree = "<group>"; };
		A01EF8932AD564CB00F470CC /* moviesFriends.json */ = {isa = PBXFileReference; fileEncoding = 4; lastKnownFileType = text.json; path = moviesFriends.json; sourceTree = "<group>"; };
		A01EF8942AD564CB00F470CC /* eventsFriends.json */ = {isa = PBXFileReference; fileEncoding = 4; lastKnownFileType = text.json; path = eventsFriends.json; sourceTree = "<group>"; };
		A01EF8952AD564CB00F470CC /* funnyStoriesFriends.json */ = {isa = PBXFileReference; fileEncoding = 4; lastKnownFileType = text.json; path = funnyStoriesFriends.json; sourceTree = "<group>"; };
		A056E6392AD0268100BE8C63 /* CategoryViewController.swift */ = {isa = PBXFileReference; lastKnownFileType = sourcecode.swift; path = CategoryViewController.swift; sourceTree = "<group>"; };
		A056E63B2AD0295600BE8C63 /* CategoryCollectionViewCell.swift */ = {isa = PBXFileReference; lastKnownFileType = sourcecode.swift; path = CategoryCollectionViewCell.swift; sourceTree = "<group>"; };
		A056E63D2AD02D8600BE8C63 /* Constant.swift */ = {isa = PBXFileReference; lastKnownFileType = sourcecode.swift; path = Constant.swift; sourceTree = "<group>"; };
		A058E1C12AD1E664002809B1 /* Extension.swift */ = {isa = PBXFileReference; lastKnownFileType = sourcecode.swift; path = Extension.swift; sourceTree = "<group>"; };
		A06502B52AD50B5A00667407 /* FamilySubcategoryTableViewController.swift */ = {isa = PBXFileReference; lastKnownFileType = sourcecode.swift; path = FamilySubcategoryTableViewController.swift; sourceTree = "<group>"; };
		A08BC18D2ACEC7BF001DD1C8 /* BincangBareng.app */ = {isa = PBXFileReference; explicitFileType = wrapper.application; includeInIndex = 0; path = BincangBareng.app; sourceTree = BUILT_PRODUCTS_DIR; };
		A08BC1902ACEC7BF001DD1C8 /* AppDelegate.swift */ = {isa = PBXFileReference; lastKnownFileType = sourcecode.swift; path = AppDelegate.swift; sourceTree = "<group>"; };
		A08BC1922ACEC7BF001DD1C8 /* SceneDelegate.swift */ = {isa = PBXFileReference; lastKnownFileType = sourcecode.swift; path = SceneDelegate.swift; sourceTree = "<group>"; };
		A08BC1942ACEC7BF001DD1C8 /* PartnerItemViewController.swift */ = {isa = PBXFileReference; lastKnownFileType = sourcecode.swift; path = PartnerItemViewController.swift; sourceTree = "<group>"; };
		A08BC1972ACEC7BF001DD1C8 /* Base */ = {isa = PBXFileReference; lastKnownFileType = file.storyboard; name = Base; path = Base.lproj/Main.storyboard; sourceTree = "<group>"; };
		A08BC1992ACEC7C0001DD1C8 /* Assets.xcassets */ = {isa = PBXFileReference; lastKnownFileType = folder.assetcatalog; path = Assets.xcassets; sourceTree = "<group>"; };
		A08BC19C2ACEC7C0001DD1C8 /* Base */ = {isa = PBXFileReference; lastKnownFileType = file.storyboard; name = Base; path = Base.lproj/LaunchScreen.storyboard; sourceTree = "<group>"; };
		A08BC19E2ACEC7C0001DD1C8 /* Info.plist */ = {isa = PBXFileReference; lastKnownFileType = text.plist.xml; path = Info.plist; sourceTree = "<group>"; };
		A0A0FE762AD3D543007B4400 /* PartnerSubcategoryTableViewController.swift */ = {isa = PBXFileReference; lastKnownFileType = sourcecode.swift; path = PartnerSubcategoryTableViewController.swift; sourceTree = "<group>"; };
/* End PBXFileReference section */

/* Begin PBXFrameworksBuildPhase section */
		A08BC18A2ACEC7BF001DD1C8 /* Frameworks */ = {
			isa = PBXFrameworksBuildPhase;
			buildActionMask = 2147483647;
			files = (
				54CB1AFCB03DF2ECE61FF083 /* Pods_BincangBareng.framework in Frameworks */,
			);
			runOnlyForDeploymentPostprocessing = 0;
		};
/* End PBXFrameworksBuildPhase section */

/* Begin PBXGroup section */
		1F864565AE5D38B72E335FF9 /* Pods */ = {
			isa = PBXGroup;
			children = (
				5702CACD377215307A9BD067 /* Pods-BincangBareng.debug.xcconfig */,
				21D06520971D1D470EAD410C /* Pods-BincangBareng.release.xcconfig */,
			);
			path = Pods;
			sourceTree = "<group>";
		};
		4EA7C60F21093AE02DE85E91 /* Frameworks */ = {
			isa = PBXGroup;
			children = (
				030BD62DB6E4AD348BFB86A8 /* Pods_BincangBareng.framework */,
			);
			name = Frameworks;
			sourceTree = "<group>";
		};
		A0094D812ACEC843006F4C7C /* View */ = {
			isa = PBXGroup;
			children = (
				A08BC19B2ACEC7C0001DD1C8 /* LaunchScreen.storyboard */,
				A08BC1962ACEC7BF001DD1C8 /* Main.storyboard */,
			);
			path = View;
			sourceTree = "<group>";
		};
		A0094D822ACEC855006F4C7C /* Supporting Files */ = {
			isa = PBXGroup;
			children = (
				A01A7C192AD467EC001E1A54 /* Questions Lists */,
				A08BC1992ACEC7C0001DD1C8 /* Assets.xcassets */,
				A056E63D2AD02D8600BE8C63 /* Constant.swift */,
				A058E1C12AD1E664002809B1 /* Extension.swift */,
				A01A7C1E2AD4693C001E1A54 /* QuestionLoader.swift */,
				A01EF86D2AD54A2E00F470CC /* PersonType.swift */,
			);
			path = "Supporting Files";
			sourceTree = "<group>";
		};
		A0094D832ACEC85E006F4C7C /* Controller */ = {
			isa = PBXGroup;
			children = (
				A0094D902ACF270D006F4C7C /* Onboarding View */,
				A0094D912ACF271D006F4C7C /* Category */,
				A0094D8F2ACED357006F4C7C /* Subcategory */,
				A0094D8E2ACED34E006F4C7C /* Item */,
			);
			path = Controller;
			sourceTree = "<group>";
		};
		A0094D842ACEC86A006F4C7C /* Models */ = {
			isa = PBXGroup;
			children = (
				A01EF8702AD55A5400F470CC /* Items */,
				A01EF86F2AD55A4C00F470CC /* Subcategory */,
				A004CB9A2AD2803C0008EE42 /* OnboardingSlide.swift */,
			);
			path = Models;
			sourceTree = "<group>";
		};
		A0094D8E2ACED34E006F4C7C /* Item */ = {
			isa = PBXGroup;
			children = (
				A08BC1942ACEC7BF001DD1C8 /* PartnerItemViewController.swift */,
				A0094D8A2ACED315006F4C7C /* FamilyItemViewController.swift */,
				A0094D8C2ACED342006F4C7C /* FriendsItemViewController.swift */,
			);
			path = Item;
			sourceTree = "<group>";
		};
		A0094D8F2ACED357006F4C7C /* Subcategory */ = {
			isa = PBXGroup;
			children = (
				A0A0FE762AD3D543007B4400 /* PartnerSubcategoryTableViewController.swift */,
				A06502B52AD50B5A00667407 /* FamilySubcategoryTableViewController.swift */,
				A01EF87B2AD55BE900F470CC /* FriendsSubcategoryTableViewController.swift */,
			);
			path = Subcategory;
			sourceTree = "<group>";
		};
		A0094D902ACF270D006F4C7C /* Onboarding View */ = {
			isa = PBXGroup;
			children = (
				A0094D962ACF2BE8006F4C7C /* OnboardingViewController.swift */,
				A004CB9C2AD283A20008EE42 /* OnboardingCollectionViewCell.swift */,
			);
			path = "Onboarding View";
			sourceTree = "<group>";
		};
		A0094D912ACF271D006F4C7C /* Category */ = {
			isa = PBXGroup;
			children = (
				A056E6392AD0268100BE8C63 /* CategoryViewController.swift */,
				A056E63B2AD0295600BE8C63 /* CategoryCollectionViewCell.swift */,
			);
			path = Category;
			sourceTree = "<group>";
		};
		A01A7C192AD467EC001E1A54 /* Questions Lists */ = {
			isa = PBXGroup;
			children = (
				A01EF87D2AD55EF500F470CC /* FriendsCategory */,
				A06502B42AD50AF100667407 /* FamilyCategory */,
				A01A7C1A2AD4685C001E1A54 /* PartnerCategory */,
			);
			name = "Questions Lists";
			sourceTree = "<group>";
		};
		A01A7C1A2AD4685C001E1A54 /* PartnerCategory */ = {
			isa = PBXGroup;
			children = (
				A01A7C382AD47987001E1A54 /* futurePartner.json */,
				A01A7C352AD4796E001E1A54 /* eventsPartner.json */,
				A01A7C342AD4796E001E1A54 /* wellnessPartner.json */,
				A01A7C322AD4792F001E1A54 /* foodPartner.json */,
				A01A7C302AD4790D001E1A54 /* entertainmentPartner.json */,
				A01A7C2E2AD478EA001E1A54 /* memoriesPartner.json */,
				A01A7C2C2AD478CF001E1A54 /* goalsPartner.json */,
				A01A7C2A2AD478AD001E1A54 /* hobbiesPartner.json */,
				A01A7C282AD47886001E1A54 /* travelPartner.json */,
				A01A7C262AD46E6F001E1A54 /* workPartner.json */,
				A01A7C202AD46A87001E1A54 /* lovePartner.json */,
			);
			path = PartnerCategory;
			sourceTree = "<group>";
		};
		A01EF86F2AD55A4C00F470CC /* Subcategory */ = {
			isa = PBXGroup;
			children = (
				A01A7C172AD45ACC001E1A54 /* SubcategoryPartner.swift */,
				A01EF8732AD55A7E00F470CC /* SubcategoryFamily.swift */,
				A01EF8792AD55AB600F470CC /* SubcategoryFriends.swift */,
			);
			path = Subcategory;
			sourceTree = "<group>";
		};
		A01EF8702AD55A5400F470CC /* Items */ = {
			isa = PBXGroup;
			children = (
				A01A7C152AD459AE001E1A54 /* ItemPartner.swift */,
				A01EF8712AD55A6300F470CC /* ItemFamily.swift */,
				A01EF8752AD55A9D00F470CC /* ItemFriends.swift */,
			);
			path = Items;
			sourceTree = "<group>";
		};
		A01EF87D2AD55EF500F470CC /* FriendsCategory */ = {
			isa = PBXGroup;
			children = (
				A01EF88E2AD564CB00F470CC /* booksFriends.json */,
				A01EF8942AD564CB00F470CC /* eventsFriends.json */,
				A01EF8902AD564CB00F470CC /* foodFriends.json */,
				A01EF8952AD564CB00F470CC /* funnyStoriesFriends.json */,
				A01EF88C2AD564CB00F470CC /* goalsFriends.json */,
				A01EF88F2AD564CB00F470CC /* growthFriends.json */,
				A01EF88D2AD564CB00F470CC /* hobbiesFriends.json */,
				A01EF8932AD564CB00F470CC /* moviesFriends.json */,
				A01EF8912AD564CB00F470CC /* musicFriends.json */,
				A01EF8922AD564CB00F470CC /* travelFriends.json */,
			);
			path = FriendsCategory;
			sourceTree = "<group>";
		};
		A06502B42AD50AF100667407 /* FamilyCategory */ = {
			isa = PBXGroup;
			children = (
				A01EF87E2AD5632100F470CC /* childhoodFamily.json */,
				A01EF8812AD5632100F470CC /* dreamsFamily.json */,
				A01EF87F2AD5632100F470CC /* experienceFamily.json */,
				A01EF8842AD5632100F470CC /* growthFamily.json */,
				A01EF8802AD5632100F470CC /* hobbiesFamily.json */,
				A01EF8832AD5632100F470CC /* traditionsFamily.json */,
				A01EF8822AD5632100F470CC /* travelFamily.json */,
			);
			path = FamilyCategory;
			sourceTree = "<group>";
		};
		A08BC1842ACEC7BF001DD1C8 = {
			isa = PBXGroup;
			children = (
				A08BC18F2ACEC7BF001DD1C8 /* BincangBareng */,
				A08BC18E2ACEC7BF001DD1C8 /* Products */,
				1F864565AE5D38B72E335FF9 /* Pods */,
				4EA7C60F21093AE02DE85E91 /* Frameworks */,
			);
			sourceTree = "<group>";
		};
		A08BC18E2ACEC7BF001DD1C8 /* Products */ = {
			isa = PBXGroup;
			children = (
				A08BC18D2ACEC7BF001DD1C8 /* BincangBareng.app */,
			);
			name = Products;
			sourceTree = "<group>";
		};
		A08BC18F2ACEC7BF001DD1C8 /* BincangBareng */ = {
			isa = PBXGroup;
			children = (
				A08BC19E2ACEC7C0001DD1C8 /* Info.plist */,
				A08BC1902ACEC7BF001DD1C8 /* AppDelegate.swift */,
				A08BC1922ACEC7BF001DD1C8 /* SceneDelegate.swift */,
				A0094D842ACEC86A006F4C7C /* Models */,
				A0094D832ACEC85E006F4C7C /* Controller */,
				A0094D812ACEC843006F4C7C /* View */,
				A0094D822ACEC855006F4C7C /* Supporting Files */,
			);
			path = BincangBareng;
			sourceTree = "<group>";
		};
/* End PBXGroup section */

/* Begin PBXNativeTarget section */
		A08BC18C2ACEC7BF001DD1C8 /* BincangBareng */ = {
			isa = PBXNativeTarget;
			buildConfigurationList = A08BC1A12ACEC7C0001DD1C8 /* Build configuration list for PBXNativeTarget "BincangBareng" */;
			buildPhases = (
				9605B09957A5CD1AEA2273B5 /* [CP] Check Pods Manifest.lock */,
				A08BC1892ACEC7BF001DD1C8 /* Sources */,
				A08BC18A2ACEC7BF001DD1C8 /* Frameworks */,
				A08BC18B2ACEC7BF001DD1C8 /* Resources */,
				77360256B1608D2E6AB1BC52 /* [CP] Embed Pods Frameworks */,
			);
			buildRules = (
			);
			dependencies = (
			);
			name = BincangBareng;
			productName = BincangBareng;
			productReference = A08BC18D2ACEC7BF001DD1C8 /* BincangBareng.app */;
			productType = "com.apple.product-type.application";
		};
/* End PBXNativeTarget section */

/* Begin PBXProject section */
		A08BC1852ACEC7BF001DD1C8 /* Project object */ = {
			isa = PBXProject;
			attributes = {
				BuildIndependentTargetsInParallel = 1;
				LastSwiftUpdateCheck = 1430;
				LastUpgradeCheck = 1430;
				TargetAttributes = {
					A08BC18C2ACEC7BF001DD1C8 = {
						CreatedOnToolsVersion = 14.3.1;
					};
				};
			};
			buildConfigurationList = A08BC1882ACEC7BF001DD1C8 /* Build configuration list for PBXProject "BincangBareng" */;
			compatibilityVersion = "Xcode 14.0";
			developmentRegion = en;
			hasScannedForEncodings = 0;
			knownRegions = (
				en,
				Base,
			);
			mainGroup = A08BC1842ACEC7BF001DD1C8;
			productRefGroup = A08BC18E2ACEC7BF001DD1C8 /* Products */;
			projectDirPath = "";
			projectRoot = "";
			targets = (
				A08BC18C2ACEC7BF001DD1C8 /* BincangBareng */,
			);
		};
/* End PBXProject section */

/* Begin PBXResourcesBuildPhase section */
		A08BC18B2ACEC7BF001DD1C8 /* Resources */ = {
			isa = PBXResourcesBuildPhase;
			buildActionMask = 2147483647;
			files = (
				A01EF8962AD564CC00F470CC /* goalsFriends.json in Resources */,
				A01A7C2F2AD478EA001E1A54 /* memoriesPartner.json in Resources */,
				A01EF8882AD5632100F470CC /* dreamsFamily.json in Resources */,
				A08BC19D2ACEC7C0001DD1C8 /* LaunchScreen.storyboard in Resources */,
				A01A7C312AD4790D001E1A54 /* entertainmentPartner.json in Resources */,
				A08BC19A2ACEC7C0001DD1C8 /* Assets.xcassets in Resources */,
				A01EF89D2AD564CC00F470CC /* moviesFriends.json in Resources */,
				A01EF8992AD564CC00F470CC /* growthFriends.json in Resources */,
				A01A7C372AD4796E001E1A54 /* eventsPartner.json in Resources */,
				A01A7C292AD47886001E1A54 /* travelPartner.json in Resources */,
				A01A7C362AD4796E001E1A54 /* wellnessPartner.json in Resources */,
				A01EF8862AD5632100F470CC /* experienceFamily.json in Resources */,
				A01EF8982AD564CC00F470CC /* booksFriends.json in Resources */,
				A01EF8852AD5632100F470CC /* childhoodFamily.json in Resources */,
				A01EF89E2AD564CC00F470CC /* eventsFriends.json in Resources */,
				A01EF89A2AD564CC00F470CC /* foodFriends.json in Resources */,
				A01A7C2D2AD478CF001E1A54 /* goalsPartner.json in Resources */,
				A01A7C272AD46E6F001E1A54 /* workPartner.json in Resources */,
				A01EF8972AD564CC00F470CC /* hobbiesFriends.json in Resources */,
				A01EF88B2AD5632100F470CC /* growthFamily.json in Resources */,
				A01EF8892AD5632100F470CC /* travelFamily.json in Resources */,
				A01A7C332AD4792F001E1A54 /* foodPartner.json in Resources */,
				A01A7C2B2AD478AD001E1A54 /* hobbiesPartner.json in Resources */,
				A01EF8872AD5632100F470CC /* hobbiesFamily.json in Resources */,
				A01EF88A2AD5632100F470CC /* traditionsFamily.json in Resources */,
				A01A7C212AD46A87001E1A54 /* lovePartner.json in Resources */,
				A01EF89B2AD564CC00F470CC /* musicFriends.json in Resources */,
				A08BC1982ACEC7BF001DD1C8 /* Main.storyboard in Resources */,
				A01A7C392AD47987001E1A54 /* futurePartner.json in Resources */,
				A01EF89C2AD564CC00F470CC /* travelFriends.json in Resources */,
				A01EF89F2AD564CC00F470CC /* funnyStoriesFriends.json in Resources */,
			);
			runOnlyForDeploymentPostprocessing = 0;
		};
/* End PBXResourcesBuildPhase section */

/* Begin PBXShellScriptBuildPhase section */
		77360256B1608D2E6AB1BC52 /* [CP] Embed Pods Frameworks */ = {
			isa = PBXShellScriptBuildPhase;
			buildActionMask = 2147483647;
			files = (
			);
			inputFileListPaths = (
				"${PODS_ROOT}/Target Support Files/Pods-BincangBareng/Pods-BincangBareng-frameworks-${CONFIGURATION}-input-files.xcfilelist",
			);
			name = "[CP] Embed Pods Frameworks";
			outputFileListPaths = (
				"${PODS_ROOT}/Target Support Files/Pods-BincangBareng/Pods-BincangBareng-frameworks-${CONFIGURATION}-output-files.xcfilelist",
			);
			runOnlyForDeploymentPostprocessing = 0;
			shellPath = /bin/sh;
			shellScript = "\"${PODS_ROOT}/Target Support Files/Pods-BincangBareng/Pods-BincangBareng-frameworks.sh\"\n";
			showEnvVarsInLog = 0;
		};
		9605B09957A5CD1AEA2273B5 /* [CP] Check Pods Manifest.lock */ = {
			isa = PBXShellScriptBuildPhase;
			buildActionMask = 2147483647;
			files = (
			);
			inputFileListPaths = (
			);
			inputPaths = (
				"${PODS_PODFILE_DIR_PATH}/Podfile.lock",
				"${PODS_ROOT}/Manifest.lock",
			);
			name = "[CP] Check Pods Manifest.lock";
			outputFileListPaths = (
			);
			outputPaths = (
				"$(DERIVED_FILE_DIR)/Pods-BincangBareng-checkManifestLockResult.txt",
			);
			runOnlyForDeploymentPostprocessing = 0;
			shellPath = /bin/sh;
			shellScript = "diff \"${PODS_PODFILE_DIR_PATH}/Podfile.lock\" \"${PODS_ROOT}/Manifest.lock\" > /dev/null\nif [ $? != 0 ] ; then\n    # print error to STDERR\n    echo \"error: The sandbox is not in sync with the Podfile.lock. Run 'pod install' or update your CocoaPods installation.\" >&2\n    exit 1\nfi\n# This output is used by Xcode 'outputs' to avoid re-running this script phase.\necho \"SUCCESS\" > \"${SCRIPT_OUTPUT_FILE_0}\"\n";
			showEnvVarsInLog = 0;
		};
/* End PBXShellScriptBuildPhase section */

/* Begin PBXSourcesBuildPhase section */
		A08BC1892ACEC7BF001DD1C8 /* Sources */ = {
			isa = PBXSourcesBuildPhase;
			buildActionMask = 2147483647;
			files = (
				A01EF8742AD55A7E00F470CC /* SubcategoryFamily.swift in Sources */,
				A01EF8762AD55A9D00F470CC /* ItemFriends.swift in Sources */,
				A056E63A2AD0268100BE8C63 /* CategoryViewController.swift in Sources */,
				A08BC1952ACEC7BF001DD1C8 /* PartnerItemViewController.swift in Sources */,
				A0094D8B2ACED315006F4C7C /* FamilyItemViewController.swift in Sources */,
				A0A0FE772AD3D543007B4400 /* PartnerSubcategoryTableViewController.swift in Sources */,
				A01EF86E2AD54A2E00F470CC /* PersonType.swift in Sources */,
				A01A7C162AD459AE001E1A54 /* ItemPartner.swift in Sources */,
				A058E1C22AD1E664002809B1 /* Extension.swift in Sources */,
				A004CB9D2AD283A20008EE42 /* OnboardingCollectionViewCell.swift in Sources */,
				A08BC1912ACEC7BF001DD1C8 /* AppDelegate.swift in Sources */,
				A056E63C2AD0295600BE8C63 /* CategoryCollectionViewCell.swift in Sources */,
				A06502B62AD50B5A00667407 /* FamilySubcategoryTableViewController.swift in Sources */,
				A004CB9B2AD2803C0008EE42 /* OnboardingSlide.swift in Sources */,
				A01EF8722AD55A6300F470CC /* ItemFamily.swift in Sources */,
				A0094D972ACF2BE8006F4C7C /* OnboardingViewController.swift in Sources */,
				A01A7C182AD45ACC001E1A54 /* SubcategoryPartner.swift in Sources */,
				A056E63E2AD02D8600BE8C63 /* Constant.swift in Sources */,
				A08BC1932ACEC7BF001DD1C8 /* SceneDelegate.swift in Sources */,
				A0094D8D2ACED342006F4C7C /* FriendsItemViewController.swift in Sources */,
				A01EF87A2AD55AB600F470CC /* SubcategoryFriends.swift in Sources */,
				A01EF87C2AD55BE900F470CC /* FriendsSubcategoryTableViewController.swift in Sources */,
				A01A7C1F2AD4693C001E1A54 /* QuestionLoader.swift in Sources */,
			);
			runOnlyForDeploymentPostprocessing = 0;
		};
/* End PBXSourcesBuildPhase section */

/* Begin PBXVariantGroup section */
		A08BC1962ACEC7BF001DD1C8 /* Main.storyboard */ = {
			isa = PBXVariantGroup;
			children = (
				A08BC1972ACEC7BF001DD1C8 /* Base */,
			);
			name = Main.storyboard;
			sourceTree = "<group>";
		};
		A08BC19B2ACEC7C0001DD1C8 /* LaunchScreen.storyboard */ = {
			isa = PBXVariantGroup;
			children = (
				A08BC19C2ACEC7C0001DD1C8 /* Base */,
			);
			name = LaunchScreen.storyboard;
			sourceTree = "<group>";
		};
/* End PBXVariantGroup section */

/* Begin XCBuildConfiguration section */
		A08BC19F2ACEC7C0001DD1C8 /* Debug */ = {
			isa = XCBuildConfiguration;
			buildSettings = {
				ALWAYS_SEARCH_USER_PATHS = NO;
				CLANG_ANALYZER_NONNULL = YES;
				CLANG_ANALYZER_NUMBER_OBJECT_CONVERSION = YES_AGGRESSIVE;
				CLANG_CXX_LANGUAGE_STANDARD = "gnu++20";
				CLANG_ENABLE_MODULES = YES;
				CLANG_ENABLE_OBJC_ARC = YES;
				CLANG_ENABLE_OBJC_WEAK = YES;
				CLANG_WARN_BLOCK_CAPTURE_AUTORELEASING = YES;
				CLANG_WARN_BOOL_CONVERSION = YES;
				CLANG_WARN_COMMA = YES;
				CLANG_WARN_CONSTANT_CONVERSION = YES;
				CLANG_WARN_DEPRECATED_OBJC_IMPLEMENTATIONS = YES;
				CLANG_WARN_DIRECT_OBJC_ISA_USAGE = YES_ERROR;
				CLANG_WARN_DOCUMENTATION_COMMENTS = YES;
				CLANG_WARN_EMPTY_BODY = YES;
				CLANG_WARN_ENUM_CONVERSION = YES;
				CLANG_WARN_INFINITE_RECURSION = YES;
				CLANG_WARN_INT_CONVERSION = YES;
				CLANG_WARN_NON_LITERAL_NULL_CONVERSION = YES;
				CLANG_WARN_OBJC_IMPLICIT_RETAIN_SELF = YES;
				CLANG_WARN_OBJC_LITERAL_CONVERSION = YES;
				CLANG_WARN_OBJC_ROOT_CLASS = YES_ERROR;
				CLANG_WARN_QUOTED_INCLUDE_IN_FRAMEWORK_HEADER = YES;
				CLANG_WARN_RANGE_LOOP_ANALYSIS = YES;
				CLANG_WARN_STRICT_PROTOTYPES = YES;
				CLANG_WARN_SUSPICIOUS_MOVE = YES;
				CLANG_WARN_UNGUARDED_AVAILABILITY = YES_AGGRESSIVE;
				CLANG_WARN_UNREACHABLE_CODE = YES;
				CLANG_WARN__DUPLICATE_METHOD_MATCH = YES;
				COPY_PHASE_STRIP = NO;
				DEBUG_INFORMATION_FORMAT = dwarf;
				ENABLE_STRICT_OBJC_MSGSEND = YES;
				ENABLE_TESTABILITY = YES;
				GCC_C_LANGUAGE_STANDARD = gnu11;
				GCC_DYNAMIC_NO_PIC = NO;
				GCC_NO_COMMON_BLOCKS = YES;
				GCC_OPTIMIZATION_LEVEL = 0;
				GCC_PREPROCESSOR_DEFINITIONS = (
					"DEBUG=1",
					"$(inherited)",
				);
				GCC_WARN_64_TO_32_BIT_CONVERSION = YES;
				GCC_WARN_ABOUT_RETURN_TYPE = YES_ERROR;
				GCC_WARN_UNDECLARED_SELECTOR = YES;
				GCC_WARN_UNINITIALIZED_AUTOS = YES_AGGRESSIVE;
				GCC_WARN_UNUSED_FUNCTION = YES;
				GCC_WARN_UNUSED_VARIABLE = YES;
				IPHONEOS_DEPLOYMENT_TARGET = 16.4;
				MTL_ENABLE_DEBUG_INFO = INCLUDE_SOURCE;
				MTL_FAST_MATH = YES;
				ONLY_ACTIVE_ARCH = YES;
				SDKROOT = iphoneos;
				SWIFT_ACTIVE_COMPILATION_CONDITIONS = DEBUG;
				SWIFT_OPTIMIZATION_LEVEL = "-Onone";
			};
			name = Debug;
		};
		A08BC1A02ACEC7C0001DD1C8 /* Release */ = {
			isa = XCBuildConfiguration;
			buildSettings = {
				ALWAYS_SEARCH_USER_PATHS = NO;
				CLANG_ANALYZER_NONNULL = YES;
				CLANG_ANALYZER_NUMBER_OBJECT_CONVERSION = YES_AGGRESSIVE;
				CLANG_CXX_LANGUAGE_STANDARD = "gnu++20";
				CLANG_ENABLE_MODULES = YES;
				CLANG_ENABLE_OBJC_ARC = YES;
				CLANG_ENABLE_OBJC_WEAK = YES;
				CLANG_WARN_BLOCK_CAPTURE_AUTORELEASING = YES;
				CLANG_WARN_BOOL_CONVERSION = YES;
				CLANG_WARN_COMMA = YES;
				CLANG_WARN_CONSTANT_CONVERSION = YES;
				CLANG_WARN_DEPRECATED_OBJC_IMPLEMENTATIONS = YES;
				CLANG_WARN_DIRECT_OBJC_ISA_USAGE = YES_ERROR;
				CLANG_WARN_DOCUMENTATION_COMMENTS = YES;
				CLANG_WARN_EMPTY_BODY = YES;
				CLANG_WARN_ENUM_CONVERSION = YES;
				CLANG_WARN_INFINITE_RECURSION = YES;
				CLANG_WARN_INT_CONVERSION = YES;
				CLANG_WARN_NON_LITERAL_NULL_CONVERSION = YES;
				CLANG_WARN_OBJC_IMPLICIT_RETAIN_SELF = YES;
				CLANG_WARN_OBJC_LITERAL_CONVERSION = YES;
				CLANG_WARN_OBJC_ROOT_CLASS = YES_ERROR;
				CLANG_WARN_QUOTED_INCLUDE_IN_FRAMEWORK_HEADER = YES;
				CLANG_WARN_RANGE_LOOP_ANALYSIS = YES;
				CLANG_WARN_STRICT_PROTOTYPES = YES;
				CLANG_WARN_SUSPICIOUS_MOVE = YES;
				CLANG_WARN_UNGUARDED_AVAILABILITY = YES_AGGRESSIVE;
				CLANG_WARN_UNREACHABLE_CODE = YES;
				CLANG_WARN__DUPLICATE_METHOD_MATCH = YES;
				COPY_PHASE_STRIP = NO;
				DEBUG_INFORMATION_FORMAT = "dwarf-with-dsym";
				ENABLE_NS_ASSERTIONS = NO;
				ENABLE_STRICT_OBJC_MSGSEND = YES;
				GCC_C_LANGUAGE_STANDARD = gnu11;
				GCC_NO_COMMON_BLOCKS = YES;
				GCC_WARN_64_TO_32_BIT_CONVERSION = YES;
				GCC_WARN_ABOUT_RETURN_TYPE = YES_ERROR;
				GCC_WARN_UNDECLARED_SELECTOR = YES;
				GCC_WARN_UNINITIALIZED_AUTOS = YES_AGGRESSIVE;
				GCC_WARN_UNUSED_FUNCTION = YES;
				GCC_WARN_UNUSED_VARIABLE = YES;
				IPHONEOS_DEPLOYMENT_TARGET = 16.4;
				MTL_ENABLE_DEBUG_INFO = NO;
				MTL_FAST_MATH = YES;
				SDKROOT = iphoneos;
				SWIFT_COMPILATION_MODE = wholemodule;
				SWIFT_OPTIMIZATION_LEVEL = "-O";
				VALIDATE_PRODUCT = YES;
			};
			name = Release;
		};
		A08BC1A22ACEC7C0001DD1C8 /* Debug */ = {
			isa = XCBuildConfiguration;
			baseConfigurationReference = 5702CACD377215307A9BD067 /* Pods-BincangBareng.debug.xcconfig */;
			buildSettings = {
				ASSETCATALOG_COMPILER_APPICON_NAME = AppIcon;
				ASSETCATALOG_COMPILER_GLOBAL_ACCENT_COLOR_NAME = AccentColor;
				CODE_SIGN_STYLE = Automatic;
				CURRENT_PROJECT_VERSION = 1;
				DEVELOPMENT_TEAM = H268PUBW7D;
				GENERATE_INFOPLIST_FILE = YES;
				INFOPLIST_FILE = BincangBareng/Info.plist;
				INFOPLIST_KEY_UIApplicationSupportsIndirectInputEvents = YES;
				INFOPLIST_KEY_UILaunchStoryboardName = LaunchScreen;
				INFOPLIST_KEY_UIMainStoryboardFile = Main;
				INFOPLIST_KEY_UISupportedInterfaceOrientations_iPad = "UIInterfaceOrientationPortrait UIInterfaceOrientationPortraitUpsideDown UIInterfaceOrientationLandscapeLeft UIInterfaceOrientationLandscapeRight";
				INFOPLIST_KEY_UISupportedInterfaceOrientations_iPhone = "UIInterfaceOrientationPortrait UIInterfaceOrientationLandscapeLeft UIInterfaceOrientationLandscapeRight";
				LD_RUNPATH_SEARCH_PATHS = (
					"$(inherited)",
					"@executable_path/Frameworks",
				);
				MARKETING_VERSION = 1.0;
				PRODUCT_BUNDLE_IDENTIFIER = com.abed.BincangBareng;
				PRODUCT_NAME = "$(TARGET_NAME)";
				SWIFT_EMIT_LOC_STRINGS = YES;
				SWIFT_VERSION = 5.0;
				TARGETED_DEVICE_FAMILY = "1,2";
			};
			name = Debug;
		};
		A08BC1A32ACEC7C0001DD1C8 /* Release */ = {
			isa = XCBuildConfiguration;
			baseConfigurationReference = 21D06520971D1D470EAD410C /* Pods-BincangBareng.release.xcconfig */;
			buildSettings = {
				ASSETCATALOG_COMPILER_APPICON_NAME = AppIcon;
				ASSETCATALOG_COMPILER_GLOBAL_ACCENT_COLOR_NAME = AccentColor;
				CODE_SIGN_STYLE = Automatic;
				CURRENT_PROJECT_VERSION = 1;
				DEVELOPMENT_TEAM = H268PUBW7D;
				GENERATE_INFOPLIST_FILE = YES;
				INFOPLIST_FILE = BincangBareng/Info.plist;
				INFOPLIST_KEY_UIApplicationSupportsIndirectInputEvents = YES;
				INFOPLIST_KEY_UILaunchStoryboardName = LaunchScreen;
				INFOPLIST_KEY_UIMainStoryboardFile = Main;
				INFOPLIST_KEY_UISupportedInterfaceOrientations_iPad = "UIInterfaceOrientationPortrait UIInterfaceOrientationPortraitUpsideDown UIInterfaceOrientationLandscapeLeft UIInterfaceOrientationLandscapeRight";
				INFOPLIST_KEY_UISupportedInterfaceOrientations_iPhone = "UIInterfaceOrientationPortrait UIInterfaceOrientationLandscapeLeft UIInterfaceOrientationLandscapeRight";
				LD_RUNPATH_SEARCH_PATHS = (
					"$(inherited)",
					"@executable_path/Frameworks",
				);
				MARKETING_VERSION = 1.0;
				PRODUCT_BUNDLE_IDENTIFIER = com.abed.BincangBareng;
				PRODUCT_NAME = "$(TARGET_NAME)";
				SWIFT_EMIT_LOC_STRINGS = YES;
				SWIFT_VERSION = 5.0;
				TARGETED_DEVICE_FAMILY = "1,2";
			};
			name = Release;
		};
/* End XCBuildConfiguration section */

/* Begin XCConfigurationList section */
		A08BC1882ACEC7BF001DD1C8 /* Build configuration list for PBXProject "BincangBareng" */ = {
			isa = XCConfigurationList;
			buildConfigurations = (
				A08BC19F2ACEC7C0001DD1C8 /* Debug */,
				A08BC1A02ACEC7C0001DD1C8 /* Release */,
			);
			defaultConfigurationIsVisible = 0;
			defaultConfigurationName = Release;
		};
		A08BC1A12ACEC7C0001DD1C8 /* Build configuration list for PBXNativeTarget "BincangBareng" */ = {
			isa = XCConfigurationList;
			buildConfigurations = (
				A08BC1A22ACEC7C0001DD1C8 /* Debug */,
				A08BC1A32ACEC7C0001DD1C8 /* Release */,
			);
			defaultConfigurationIsVisible = 0;
			defaultConfigurationName = Release;
		};
/* End XCConfigurationList section */
	};
	rootObject = A08BC1852ACEC7BF001DD1C8 /* Project object */;
}
